---
path: ".gem_rbs_collection"
gems:
- name: fileutils
  version: '0'
  source:
    type: stdlib
- name: rake
  version: '13.0'
  source:
    type: git
    name: ruby/gem_rbs_collection
    revision: 372c833bb52be1bc34aef5e2793ab47c35c0dba9
    remote: https://github.com/ruby/gem_rbs_collection.git
    repo_dir: gems
gemfile_lock_path: Gemfile.lock
