---
sources:
- type: git
  name: ruby/gem_rbs_collection
  revision: 03cd23e80bc6ca7f6fa2a21da23ceeec00fa920f
  remote: https://github.com/ruby/gem_rbs_collection.git
  repo_dir: gems
path: ".gem_rbs_collection"
gems:
- name: fileutils
  version: '0'
  source:
    type: stdlib
- name: rake
  version: '13.0'
  source:
    type: git
    name: ruby/gem_rbs_collection
    revision: 03cd23e80bc6ca7f6fa2a21da23ceeec00fa920f
    remote: https://github.com/ruby/gem_rbs_collection.git
    repo_dir: gems
gemfile_lock_path: Gemfile.lock
